<?xml version="1.0" encoding="UTF-8" standalone="yes" ?>
<CodeBlocks_project_file>
	<FileVersion major="1" minor="6" />
	<Project>
		<Option title="projeto1-ed1" />
		<Option pch_mode="2" />
		<Option compiler="gcc" />
		<Build>
			<Target title="Debug">
				<Option output="bin/Debug/projeto1-ed1" prefix_auto="1" extension_auto="1" />
				<Option object_output="obj/Debug/" />
				<Option type="0" />
				<Option compiler="gcc" />
				<Compiler>
					<Add option="-g" />
				</Compiler>
				<Linker>
					<Add directory="raylib/lib/Debug" />
				</Linker>
			</Target>
			<Target title="Release">
				<Option output="bin/Release/projeto1-ed1" prefix_auto="1" extension_auto="1" />
				<Option object_output="obj/Release/" />
				<Option type="0" />
				<Option compiler="gcc" />
				<Compiler>
					<Add option="-O2" />
				</Compiler>
				<Linker>
					<Add option="-s" />
					<Add directory="raylib/lib/Release" />
				</Linker>
			</Target>
		</Build>
		<Compiler>
			<Add option="-Wall" />
			<Add directory="raylib/src" />
		</Compiler>
		<Linker>
			<Add library="raylib" />
			<Add library="opengl32" />
			<Add library="gdi32" />
			<Add library="winmm" />
		</Linker>
		<Unit filename="interface.cpp" />
		<Unit filename="interface.h" />
		<Unit filename="main.cpp" />
		<Unit filename="mouse.cpp" />
		<Unit filename="mouse.h" />
		<Unit filename="render.cpp" />
		<Unit filename="render.h" />
		<Unit filename="string_lista.cpp" />
		<Unit filename="string_lista.h" />
		<Unit filename="torcido.cpp" />
		<Unit filename="torcido.h" />
		<Extensions>
			<lib_finder disable_auto="1" />
		</Extensions>
	</Project>
</CodeBlocks_project_file>
